{
  "dependencies": {
    "aws-sdk": {
      "version": "2.2.21",
      "dependencies": {
        "sax": {
          "version": "0.5.3"
        },
        "xml2js": {
          "version": "0.2.8"
        },
        "xmlbuilder": {
          "version": "0.4.2"
        }
      }
    },
    "promised-io": {
      "version": "0.3.5"
    }
  }
}
